{
  "name": "cb01",
  "version": "1.0.0",
  "lockfileVersion": 2,
  "requires": true,
  "packages": {
    "": {
      "name": "cb01",
      "version": "1.0.0",
      "license": "ISC",
      "dependencies": {
        "@google/generative-ai": "^0.11.4"
      }
    },
    "node_modules/@google/generative-ai": {
      "version": "0.11.4",
      "resolved": "https://registry.npmjs.org/@google/generative-ai/-/generative-ai-0.11.4.tgz",
      "integrity": "sha512-hlw+E9Prv9aUIQISRnLSXi4rukFqKe5WhxPvzBccTvIvXjw2BHMFOJWSC/Gq7WE0W+L/qRHGmYxopmx9qjrB9w==",
      "engines": {
        "node": ">=18.0.0"
      }
    }
  },
  "dependencies": {
    "@google/generative-ai": {
      "version": "0.11.4",
      "resolved": "https://registry.npmjs.org/@google/generative-ai/-/generative-ai-0.11.4.tgz",
      "integrity": "sha512-hlw+E9Prv9aUIQISRnLSXi4rukFqKe5WhxPvzBccTvIvXjw2BHMFOJWSC/Gq7WE0W+L/qRHGmYxopmx9qjrB9w=="
    }
  }
}
